
Microsoft Visual Studio Solution File, Format Version 12.00
# Visual Studio Version 16
VisualStudioVersion = 16.0.29609.76
MinimumVisualStudioVersion = 10.0.40219.1
Project("{9A19103F-16F7-4668-BE54-9A1E7A4F7556}") = "DotNet2020", "DotNet2020\DotNet2020.csproj", "{74BC18A7-0B13-4B2D-AE99-9E4F954F5FE1}"
EndProject
Project("{9A19103F-16F7-4668-BE54-9A1E7A4F7556}") = "DotNet2020.Domain.Core", "DotNet2020.Domain.Core\DotNet2020.Domain.Core.csproj", "{E50F79EF-02E7-4349-AA45-35D4D05267DB}"
EndProject
Project("{9A19103F-16F7-4668-BE54-9A1E7A4F7556}") = "DotNet2020.Data", "DotNet2020.Data\DotNet2020.Data.csproj", "{545CEA97-14AD-400D-B714-0987F796FEF2}"
EndProject
Project("{FAE04EC0-301F-11D3-BF4B-00C04F79EFBC}") = "DotNet2020.Domain.4", "DotNet2020.Domain.4\DotNet2020.Domain.4.csproj", "{C4D60FA2-0215-4DC3-AC50-039E714348AD}"
EndProject
Global
	GlobalSection(SolutionConfigurationPlatforms) = preSolution
		Debug|Any CPU = Debug|Any CPU
		Release|Any CPU = Release|Any CPU
	EndGlobalSection
	GlobalSection(ProjectConfigurationPlatforms) = postSolution
		{74BC18A7-0B13-4B2D-AE99-9E4F954F5FE1}.Debug|Any CPU.ActiveCfg = Debug|Any CPU
		{74BC18A7-0B13-4B2D-AE99-9E4F954F5FE1}.Debug|Any CPU.Build.0 = Debug|Any CPU
		{74BC18A7-0B13-4B2D-AE99-9E4F954F5FE1}.Release|Any CPU.ActiveCfg = Release|Any CPU
		{74BC18A7-0B13-4B2D-AE99-9E4F954F5FE1}.Release|Any CPU.Build.0 = Release|Any CPU
		{E50F79EF-02E7-4349-AA45-35D4D05267DB}.Debug|Any CPU.ActiveCfg = Debug|Any CPU
		{E50F79EF-02E7-4349-AA45-35D4D05267DB}.Debug|Any CPU.Build.0 = Debug|Any CPU
		{E50F79EF-02E7-4349-AA45-35D4D05267DB}.Release|Any CPU.ActiveCfg = Release|Any CPU
		{E50F79EF-02E7-4349-AA45-35D4D05267DB}.Release|Any CPU.Build.0 = Release|Any CPU
		{545CEA97-14AD-400D-B714-0987F796FEF2}.Debug|Any CPU.ActiveCfg = Debug|Any CPU
		{545CEA97-14AD-400D-B714-0987F796FEF2}.Debug|Any CPU.Build.0 = Debug|Any CPU
		{545CEA97-14AD-400D-B714-0987F796FEF2}.Release|Any CPU.ActiveCfg = Release|Any CPU
		{545CEA97-14AD-400D-B714-0987F796FEF2}.Release|Any CPU.Build.0 = Release|Any CPU
		{C4D60FA2-0215-4DC3-AC50-039E714348AD}.Debug|Any CPU.ActiveCfg = Debug|Any CPU
		{C4D60FA2-0215-4DC3-AC50-039E714348AD}.Debug|Any CPU.Build.0 = Debug|Any CPU
		{C4D60FA2-0215-4DC3-AC50-039E714348AD}.Release|Any CPU.ActiveCfg = Release|Any CPU
		{C4D60FA2-0215-4DC3-AC50-039E714348AD}.Release|Any CPU.Build.0 = Release|Any CPU
	EndGlobalSection
	GlobalSection(SolutionProperties) = preSolution
		HideSolutionNode = FALSE
	EndGlobalSection
	GlobalSection(ExtensibilityGlobals) = postSolution
		SolutionGuid = {3319FF28-ABC9-453D-ADDD-B9056F7A82B8}
	EndGlobalSection
EndGlobal
