
Microsoft Visual Studio Solution File, Format Version 12.00
# Visual Studio Version 16
VisualStudioVersion = 16.0.29609.76
MinimumVisualStudioVersion = 10.0.40219.1
Project("{9A19103F-16F7-4668-BE54-9A1E7A4F7556}") = "DotNet2020.Data", "DotNet2020.Data\DotNet2020.Data.csproj", "{545CEA97-14AD-400D-B714-0987F796FEF2}"
EndProject
Project("{9A19103F-16F7-4668-BE54-9A1E7A4F7556}") = "DotNet2020.Domain.6", "DotNet2020.Domain.6\DotNet2020.Domain.6.csproj", "{FB318EB7-F6F5-45DB-9C12-1D480E4956BA}"
EndProject
Project("{FAE04EC0-301F-11D3-BF4B-00C04F79EFBC}") = "DotNet2020.Domain._1", "DotNet2020.Domain.1\DotNet2020.Domain._1\DotNet2020.Domain._1.csproj", "{B2BE68D5-0A09-4FB0-9535-AF0865C5A6A3}"
EndProject
Project("{FAE04EC0-301F-11D3-BF4B-00C04F79EFBC}") = "DotNet2020", "DotNet2020\DotNet2020.csproj", "{711216CB-5351-4FCA-AEA2-B4E1757468A0}"
EndProject
Project("{FAE04EC0-301F-11D3-BF4B-00C04F79EFBC}") = "DotNet2020.Domain.Core", "DotNet2020.Domain.Core\DotNet2020.Domain.Core.csproj", "{A739873F-1BAF-4FC4-9D40-E9F453674C65}"
EndProject
Project("{FAE04EC0-301F-11D3-BF4B-00C04F79EFBC}") = "DotNet2020.Domain.5", "DotNet2020.Domain.5\DotNet2020.Domain.5.csproj", "{F1D9E912-2AC5-474F-9632-DAE02B008D77}"
EndProject
Project("{FAE04EC0-301F-11D3-BF4B-00C04F79EFBC}") = "DotNet2020.Domain.4", "DotNet2020.Domain.4\DotNet2020.Domain.4.csproj", "{C96B1B14-6E52-4100-BC94-8BE58CBDEFD8}"
EndProject
Project("{FAE04EC0-301F-11D3-BF4B-00C04F79EFBC}") = "DotNet2020.Domain.3", "DotNet2020.Domain.3\DotNet2020.Domain.3.csproj", "{78A402CB-D126-4EFC-AA4F-4D71733E2C5A}"
EndProject
Global
	GlobalSection(SolutionConfigurationPlatforms) = preSolution
		Debug|Any CPU = Debug|Any CPU
		Release|Any CPU = Release|Any CPU
	EndGlobalSection
	GlobalSection(ProjectConfigurationPlatforms) = postSolution
		{545CEA97-14AD-400D-B714-0987F796FEF2}.Debug|Any CPU.ActiveCfg = Debug|Any CPU
		{545CEA97-14AD-400D-B714-0987F796FEF2}.Debug|Any CPU.Build.0 = Debug|Any CPU
		{545CEA97-14AD-400D-B714-0987F796FEF2}.Release|Any CPU.ActiveCfg = Release|Any CPU
		{545CEA97-14AD-400D-B714-0987F796FEF2}.Release|Any CPU.Build.0 = Release|Any CPU
		{FB318EB7-F6F5-45DB-9C12-1D480E4956BA}.Debug|Any CPU.ActiveCfg = Debug|Any CPU
		{FB318EB7-F6F5-45DB-9C12-1D480E4956BA}.Debug|Any CPU.Build.0 = Debug|Any CPU
		{FB318EB7-F6F5-45DB-9C12-1D480E4956BA}.Release|Any CPU.ActiveCfg = Release|Any CPU
		{FB318EB7-F6F5-45DB-9C12-1D480E4956BA}.Release|Any CPU.Build.0 = Release|Any CPU
		{B2BE68D5-0A09-4FB0-9535-AF0865C5A6A3}.Debug|Any CPU.ActiveCfg = Debug|Any CPU
		{B2BE68D5-0A09-4FB0-9535-AF0865C5A6A3}.Debug|Any CPU.Build.0 = Debug|Any CPU
		{B2BE68D5-0A09-4FB0-9535-AF0865C5A6A3}.Release|Any CPU.ActiveCfg = Release|Any CPU
		{B2BE68D5-0A09-4FB0-9535-AF0865C5A6A3}.Release|Any CPU.Build.0 = Release|Any CPU
		{711216CB-5351-4FCA-AEA2-B4E1757468A0}.Debug|Any CPU.ActiveCfg = Debug|Any CPU
		{711216CB-5351-4FCA-AEA2-B4E1757468A0}.Debug|Any CPU.Build.0 = Debug|Any CPU
		{711216CB-5351-4FCA-AEA2-B4E1757468A0}.Release|Any CPU.ActiveCfg = Release|Any CPU
		{711216CB-5351-4FCA-AEA2-B4E1757468A0}.Release|Any CPU.Build.0 = Release|Any CPU
		{A739873F-1BAF-4FC4-9D40-E9F453674C65}.Debug|Any CPU.ActiveCfg = Debug|Any CPU
		{A739873F-1BAF-4FC4-9D40-E9F453674C65}.Debug|Any CPU.Build.0 = Debug|Any CPU
		{A739873F-1BAF-4FC4-9D40-E9F453674C65}.Release|Any CPU.ActiveCfg = Release|Any CPU
		{A739873F-1BAF-4FC4-9D40-E9F453674C65}.Release|Any CPU.Build.0 = Release|Any CPU
		{F1D9E912-2AC5-474F-9632-DAE02B008D77}.Debug|Any CPU.ActiveCfg = Debug|Any CPU
		{F1D9E912-2AC5-474F-9632-DAE02B008D77}.Debug|Any CPU.Build.0 = Debug|Any CPU
		{F1D9E912-2AC5-474F-9632-DAE02B008D77}.Release|Any CPU.ActiveCfg = Release|Any CPU
		{F1D9E912-2AC5-474F-9632-DAE02B008D77}.Release|Any CPU.Build.0 = Release|Any CPU
		{C96B1B14-6E52-4100-BC94-8BE58CBDEFD8}.Debug|Any CPU.ActiveCfg = Debug|Any CPU
		{C96B1B14-6E52-4100-BC94-8BE58CBDEFD8}.Debug|Any CPU.Build.0 = Debug|Any CPU
		{C96B1B14-6E52-4100-BC94-8BE58CBDEFD8}.Release|Any CPU.ActiveCfg = Release|Any CPU
		{C96B1B14-6E52-4100-BC94-8BE58CBDEFD8}.Release|Any CPU.Build.0 = Release|Any CPU
		{78A402CB-D126-4EFC-AA4F-4D71733E2C5A}.Debug|Any CPU.ActiveCfg = Debug|Any CPU
		{78A402CB-D126-4EFC-AA4F-4D71733E2C5A}.Debug|Any CPU.Build.0 = Debug|Any CPU
		{78A402CB-D126-4EFC-AA4F-4D71733E2C5A}.Release|Any CPU.ActiveCfg = Release|Any CPU
		{78A402CB-D126-4EFC-AA4F-4D71733E2C5A}.Release|Any CPU.Build.0 = Release|Any CPU
	EndGlobalSection
	GlobalSection(SolutionProperties) = preSolution
		HideSolutionNode = FALSE
	EndGlobalSection
	GlobalSection(ExtensibilityGlobals) = postSolution
		SolutionGuid = {3319FF28-ABC9-453D-ADDD-B9056F7A82B8}
	EndGlobalSection
EndGlobal
