
Microsoft Visual Studio Solution File, Format Version 12.00
# Visual Studio Version 16
VisualStudioVersion = 16.0.29609.76
MinimumVisualStudioVersion = 10.0.40219.1
Project("{9A19103F-16F7-4668-BE54-9A1E7A4F7556}") = "DotNet2020", "DotNet2020\DotNet2020.csproj", "{74BC18A7-0B13-4B2D-AE99-9E4F954F5FE1}"
EndProject
Project("{9A19103F-16F7-4668-BE54-9A1E7A4F7556}") = "DotNet2020.Domain.Core", "DotNet2020.Domain.Core\DotNet2020.Domain.Core.csproj", "{E50F79EF-02E7-4349-AA45-35D4D05267DB}"
EndProject
Project("{9A19103F-16F7-4668-BE54-9A1E7A4F7556}") = "DotNet2020.Data", "DotNet2020.Data\DotNet2020.Data.csproj", "{545CEA97-14AD-400D-B714-0987F796FEF2}"
EndProject
Project("{9A19103F-16F7-4668-BE54-9A1E7A4F7556}") = "DotNet2020.Domain.5", "DotNet2020.Domain.5\DotNet2020.Domain.5.csproj", "{B3300E1D-032C-472F-8C00-10F9CE3F0E6C}"
EndProject
Project("{9A19103F-16F7-4668-BE54-9A1E7A4F7556}") = "DotNet2020.Domain.6", "DotNet2020.Domain.6\DotNet2020.Domain.6.csproj", "{FB318EB7-F6F5-45DB-9C12-1D480E4956BA}"
EndProject
Project("{9A19103F-16F7-4668-BE54-9A1E7A4F7556}") = "DotNet2020.Domain.4", "DotNet2020.Domain.4\DotNet2020.Domain.4.csproj", "{48950E6D-5322-4DAB-ABF7-9BD7F4559CA8}"
EndProject
Project("{9A19103F-16F7-4668-BE54-9A1E7A4F7556}") = "DotNet2020.Domain.3", "DotNet2020.Domain.3\DotNet2020.Domain.3.csproj", "{1CE8A8B1-7E05-4C69-9A09-D0001F782384}"
EndProject
Project("{9A19103F-16F7-4668-BE54-9A1E7A4F7556}") = "DotNet2020.Domain._1", "DotNet2020.Domain.1\DotNet2020.Domain._1\DotNet2020.Domain._1.csproj", "{B2BE68D5-0A09-4FB0-9535-AF0865C5A6A3}"
EndProject
Project("{FAE04EC0-301F-11D3-BF4B-00C04F79EFBC}") = "DotNet2020.Domain._1.Vsix", "DotNet2020.Domain.1\DotNet2020.Domain._1.Vsix\DotNet2020.Domain._1.Vsix.csproj", "{EB22BDB9-627C-41B8-BC1D-9ACAB41D495C}"
EndProject
Global
	GlobalSection(SolutionConfigurationPlatforms) = preSolution
		Debug|Any CPU = Debug|Any CPU
		Release|Any CPU = Release|Any CPU
	EndGlobalSection
	GlobalSection(ProjectConfigurationPlatforms) = postSolution
		{74BC18A7-0B13-4B2D-AE99-9E4F954F5FE1}.Debug|Any CPU.ActiveCfg = Debug|Any CPU
		{74BC18A7-0B13-4B2D-AE99-9E4F954F5FE1}.Debug|Any CPU.Build.0 = Debug|Any CPU
		{74BC18A7-0B13-4B2D-AE99-9E4F954F5FE1}.Release|Any CPU.ActiveCfg = Release|Any CPU
		{74BC18A7-0B13-4B2D-AE99-9E4F954F5FE1}.Release|Any CPU.Build.0 = Release|Any CPU
		{E50F79EF-02E7-4349-AA45-35D4D05267DB}.Debug|Any CPU.ActiveCfg = Debug|Any CPU
		{E50F79EF-02E7-4349-AA45-35D4D05267DB}.Debug|Any CPU.Build.0 = Debug|Any CPU
		{E50F79EF-02E7-4349-AA45-35D4D05267DB}.Release|Any CPU.ActiveCfg = Release|Any CPU
		{E50F79EF-02E7-4349-AA45-35D4D05267DB}.Release|Any CPU.Build.0 = Release|Any CPU
		{545CEA97-14AD-400D-B714-0987F796FEF2}.Debug|Any CPU.ActiveCfg = Debug|Any CPU
		{545CEA97-14AD-400D-B714-0987F796FEF2}.Debug|Any CPU.Build.0 = Debug|Any CPU
		{545CEA97-14AD-400D-B714-0987F796FEF2}.Release|Any CPU.ActiveCfg = Release|Any CPU
		{545CEA97-14AD-400D-B714-0987F796FEF2}.Release|Any CPU.Build.0 = Release|Any CPU
		{B3300E1D-032C-472F-8C00-10F9CE3F0E6C}.Debug|Any CPU.ActiveCfg = Debug|Any CPU
		{B3300E1D-032C-472F-8C00-10F9CE3F0E6C}.Debug|Any CPU.Build.0 = Debug|Any CPU
		{B3300E1D-032C-472F-8C00-10F9CE3F0E6C}.Release|Any CPU.ActiveCfg = Release|Any CPU
		{B3300E1D-032C-472F-8C00-10F9CE3F0E6C}.Release|Any CPU.Build.0 = Release|Any CPU
		{FB318EB7-F6F5-45DB-9C12-1D480E4956BA}.Debug|Any CPU.ActiveCfg = Debug|Any CPU
		{FB318EB7-F6F5-45DB-9C12-1D480E4956BA}.Debug|Any CPU.Build.0 = Debug|Any CPU
		{FB318EB7-F6F5-45DB-9C12-1D480E4956BA}.Release|Any CPU.ActiveCfg = Release|Any CPU
		{FB318EB7-F6F5-45DB-9C12-1D480E4956BA}.Release|Any CPU.Build.0 = Release|Any CPU
		{48950E6D-5322-4DAB-ABF7-9BD7F4559CA8}.Debug|Any CPU.ActiveCfg = Debug|Any CPU
		{48950E6D-5322-4DAB-ABF7-9BD7F4559CA8}.Debug|Any CPU.Build.0 = Debug|Any CPU
		{48950E6D-5322-4DAB-ABF7-9BD7F4559CA8}.Release|Any CPU.ActiveCfg = Release|Any CPU
		{48950E6D-5322-4DAB-ABF7-9BD7F4559CA8}.Release|Any CPU.Build.0 = Release|Any CPU
		{1CE8A8B1-7E05-4C69-9A09-D0001F782384}.Debug|Any CPU.ActiveCfg = Debug|Any CPU
		{1CE8A8B1-7E05-4C69-9A09-D0001F782384}.Debug|Any CPU.Build.0 = Debug|Any CPU
		{1CE8A8B1-7E05-4C69-9A09-D0001F782384}.Release|Any CPU.ActiveCfg = Release|Any CPU
		{1CE8A8B1-7E05-4C69-9A09-D0001F782384}.Release|Any CPU.Build.0 = Release|Any CPU
		{B2BE68D5-0A09-4FB0-9535-AF0865C5A6A3}.Debug|Any CPU.ActiveCfg = Debug|Any CPU
		{B2BE68D5-0A09-4FB0-9535-AF0865C5A6A3}.Debug|Any CPU.Build.0 = Debug|Any CPU
		{B2BE68D5-0A09-4FB0-9535-AF0865C5A6A3}.Release|Any CPU.ActiveCfg = Release|Any CPU
		{B2BE68D5-0A09-4FB0-9535-AF0865C5A6A3}.Release|Any CPU.Build.0 = Release|Any CPU
		{EB22BDB9-627C-41B8-BC1D-9ACAB41D495C}.Debug|Any CPU.ActiveCfg = Debug|Any CPU
		{EB22BDB9-627C-41B8-BC1D-9ACAB41D495C}.Debug|Any CPU.Build.0 = Debug|Any CPU
		{EB22BDB9-627C-41B8-BC1D-9ACAB41D495C}.Release|Any CPU.ActiveCfg = Release|Any CPU
		{EB22BDB9-627C-41B8-BC1D-9ACAB41D495C}.Release|Any CPU.Build.0 = Release|Any CPU
	EndGlobalSection
	GlobalSection(SolutionProperties) = preSolution
		HideSolutionNode = FALSE
	EndGlobalSection
	GlobalSection(ExtensibilityGlobals) = postSolution
		SolutionGuid = {3319FF28-ABC9-453D-ADDD-B9056F7A82B8}
	EndGlobalSection
EndGlobal
